// !$*UTF8*$!
{
	archiveVersion = 1;
	classes = {
	};
	objectVersion = 55;
	objects = {

/* Begin PBXBuildFile section */
		081735772DE611CB00603ED0 /* HourView.swift in Sources */ = {isa = PBXBuildFile; fileRef = 081735762DE611CB00603ED0 /* HourView.swift */; };
		081735792DE6147A00603ED0 /* WeatherHourModel.swift in Sources */ = {isa = PBXBuildFile; fileRef = 081735782DE6147A00603ED0 /* WeatherHourModel.swift */; };
		0817357B2DE6CE1600603ED0 /* ImageLoader.swift in Sources */ = {isa = PBXBuildFile; fileRef = 0817357A2DE6CE1600603ED0 /* ImageLoader.swift */; };
		087D83E92DE190770093CDFD /* GeoLocator.swift in Sources */ = {isa = PBXBuildFile; fileRef = 087D83E82DE190770093CDFD /* GeoLocator.swift */; };
		0889ECA52DE1A380008FC399 /* WeatherApi.swift in Sources */ = {isa = PBXBuildFile; fileRef = 0889ECA42DE1A380008FC399 /* WeatherApi.swift */; };
		0889ECA72DE22839008FC399 /* WeatherDayModel.swift in Sources */ = {isa = PBXBuildFile; fileRef = 0889ECA62DE22839008FC399 /* WeatherDayModel.swift */; };
		0889ECA92DE23C57008FC399 /* UIViewExtension.swift in Sources */ = {isa = PBXBuildFile; fileRef = 0889ECA82DE23C57008FC399 /* UIViewExtension.swift */; };
		0889ECAC2DE23DC3008FC399 /* CurrentWeatherView.swift in Sources */ = {isa = PBXBuildFile; fileRef = 0889ECAB2DE23DC3008FC399 /* CurrentWeatherView.swift */; };
		088C99DB2DE170A500272BAF /* AppDelegate.swift in Sources */ = {isa = PBXBuildFile; fileRef = 088C99DA2DE170A500272BAF /* AppDelegate.swift */; };
		088C99DF2DE170A500272BAF /* RootViewController.swift in Sources */ = {isa = PBXBuildFile; fileRef = 088C99DE2DE170A500272BAF /* RootViewController.swift */; };
		088C99E42DE170AA00272BAF /* Assets.xcassets in Resources */ = {isa = PBXBuildFile; fileRef = 088C99E32DE170AA00272BAF /* Assets.xcassets */; };
		088C99E72DE170AA00272BAF /* LaunchScreen.storyboard in Resources */ = {isa = PBXBuildFile; fileRef = 088C99E52DE170AA00272BAF /* LaunchScreen.storyboard */; };
		08B487E42DE604BE00D93F8A /* HourlyWeatherView.swift in Sources */ = {isa = PBXBuildFile; fileRef = 08B487E32DE604BE00D93F8A /* HourlyWeatherView.swift */; };
/* End PBXBuildFile section */

/* Begin PBXFileReference section */
		081735762DE611CB00603ED0 /* HourView.swift */ = {isa = PBXFileReference; lastKnownFileType = sourcecode.swift; path = HourView.swift; sourceTree = "<group>"; };
		081735782DE6147A00603ED0 /* WeatherHourModel.swift */ = {isa = PBXFileReference; lastKnownFileType = sourcecode.swift; path = WeatherHourModel.swift; sourceTree = "<group>"; };
		0817357A2DE6CE1600603ED0 /* ImageLoader.swift */ = {isa = PBXFileReference; lastKnownFileType = sourcecode.swift; path = ImageLoader.swift; sourceTree = "<group>"; };
		087D83E82DE190770093CDFD /* GeoLocator.swift */ = {isa = PBXFileReference; lastKnownFileType = sourcecode.swift; path = GeoLocator.swift; sourceTree = "<group>"; };
		0889ECA42DE1A380008FC399 /* WeatherApi.swift */ = {isa = PBXFileReference; lastKnownFileType = sourcecode.swift; path = WeatherApi.swift; sourceTree = "<group>"; };
		0889ECA62DE22839008FC399 /* WeatherDayModel.swift */ = {isa = PBXFileReference; lastKnownFileType = sourcecode.swift; path = WeatherDayModel.swift; sourceTree = "<group>"; };
		0889ECA82DE23C57008FC399 /* UIViewExtension.swift */ = {isa = PBXFileReference; fileEncoding = 4; lastKnownFileType = sourcecode.swift; path = UIViewExtension.swift; sourceTree = "<group>"; };
		0889ECAB2DE23DC3008FC399 /* CurrentWeatherView.swift */ = {isa = PBXFileReference; lastKnownFileType = sourcecode.swift; path = CurrentWeatherView.swift; sourceTree = "<group>"; };
		088C99D72DE170A500272BAF /* WeatherApp.app */ = {isa = PBXFileReference; explicitFileType = wrapper.application; includeInIndex = 0; path = WeatherApp.app; sourceTree = BUILT_PRODUCTS_DIR; };
		088C99DA2DE170A500272BAF /* AppDelegate.swift */ = {isa = PBXFileReference; lastKnownFileType = sourcecode.swift; path = AppDelegate.swift; sourceTree = "<group>"; };
		088C99DE2DE170A500272BAF /* RootViewController.swift */ = {isa = PBXFileReference; lastKnownFileType = sourcecode.swift; path = RootViewController.swift; sourceTree = "<group>"; };
		088C99E32DE170AA00272BAF /* Assets.xcassets */ = {isa = PBXFileReference; lastKnownFileType = folder.assetcatalog; path = Assets.xcassets; sourceTree = "<group>"; };
		088C99E62DE170AA00272BAF /* Base */ = {isa = PBXFileReference; lastKnownFileType = file.storyboard; name = Base; path = Base.lproj/LaunchScreen.storyboard; sourceTree = "<group>"; };
		088C99E82DE170AA00272BAF /* Info.plist */ = {isa = PBXFileReference; lastKnownFileType = text.plist.xml; path = Info.plist; sourceTree = "<group>"; };
		08B487E32DE604BE00D93F8A /* HourlyWeatherView.swift */ = {isa = PBXFileReference; lastKnownFileType = sourcecode.swift; path = HourlyWeatherView.swift; sourceTree = "<group>"; };
/* End PBXFileReference section */

/* Begin PBXFrameworksBuildPhase section */
		088C99D42DE170A500272BAF /* Frameworks */ = {
			isa = PBXFrameworksBuildPhase;
			buildActionMask = 2147483647;
			files = (
			);
			runOnlyForDeploymentPostprocessing = 0;
		};
/* End PBXFrameworksBuildPhase section */

/* Begin PBXGroup section */
		0889ECAA2DE23D89008FC399 /* UI */ = {
			isa = PBXGroup;
			children = (
				0889ECAB2DE23DC3008FC399 /* CurrentWeatherView.swift */,
				08B487E32DE604BE00D93F8A /* HourlyWeatherView.swift */,
				081735762DE611CB00603ED0 /* HourView.swift */,
				0889ECA82DE23C57008FC399 /* UIViewExtension.swift */,
			);
			path = UI;
			sourceTree = "<group>";
		};
		088C99CE2DE170A500272BAF = {
			isa = PBXGroup;
			children = (
				088C99D92DE170A500272BAF /* WeatherApp */,
				088C99D82DE170A500272BAF /* Products */,
			);
			sourceTree = "<group>";
		};
		088C99D82DE170A500272BAF /* Products */ = {
			isa = PBXGroup;
			children = (
				088C99D72DE170A500272BAF /* WeatherApp.app */,
			);
			name = Products;
			sourceTree = "<group>";
		};
		088C99D92DE170A500272BAF /* WeatherApp */ = {
			isa = PBXGroup;
			children = (
				088C99DA2DE170A500272BAF /* AppDelegate.swift */,
				087D83E82DE190770093CDFD /* GeoLocator.swift */,
				0889ECA42DE1A380008FC399 /* WeatherApi.swift */,
				0817357A2DE6CE1600603ED0 /* ImageLoader.swift */,
				0889ECA62DE22839008FC399 /* WeatherDayModel.swift */,
				081735782DE6147A00603ED0 /* WeatherHourModel.swift */,
				088C99DE2DE170A500272BAF /* RootViewController.swift */,
				0889ECAA2DE23D89008FC399 /* UI */,
				088C99E32DE170AA00272BAF /* Assets.xcassets */,
				088C99E52DE170AA00272BAF /* LaunchScreen.storyboard */,
				088C99E82DE170AA00272BAF /* Info.plist */,
			);
			path = WeatherApp;
			sourceTree = "<group>";
		};
/* End PBXGroup section */

/* Begin PBXNativeTarget section */
		088C99D62DE170A500272BAF /* WeatherApp */ = {
			isa = PBXNativeTarget;
			buildConfigurationList = 088C99EB2DE170AA00272BAF /* Build configuration list for PBXNativeTarget "WeatherApp" */;
			buildPhases = (
				088C99D32DE170A500272BAF /* Sources */,
				088C99D42DE170A500272BAF /* Frameworks */,
				088C99D52DE170A500272BAF /* Resources */,
			);
			buildRules = (
			);
			dependencies = (
			);
			name = WeatherApp;
			productName = WeatherApp;
			productReference = 088C99D72DE170A500272BAF /* WeatherApp.app */;
			productType = "com.apple.product-type.application";
		};
/* End PBXNativeTarget section */

/* Begin PBXProject section */
		088C99CF2DE170A500272BAF /* Project object */ = {
			isa = PBXProject;
			attributes = {
				BuildIndependentTargetsInParallel = 1;
				LastSwiftUpdateCheck = 1320;
				LastUpgradeCheck = 1320;
				TargetAttributes = {
					088C99D62DE170A500272BAF = {
						CreatedOnToolsVersion = 13.2.1;
					};
				};
			};
			buildConfigurationList = 088C99D22DE170A500272BAF /* Build configuration list for PBXProject "WeatherApp" */;
			compatibilityVersion = "Xcode 13.0";
			developmentRegion = en;
			hasScannedForEncodings = 0;
			knownRegions = (
				en,
				Base,
			);
			mainGroup = 088C99CE2DE170A500272BAF;
			productRefGroup = 088C99D82DE170A500272BAF /* Products */;
			projectDirPath = "";
			projectRoot = "";
			targets = (
				088C99D62DE170A500272BAF /* WeatherApp */,
			);
		};
/* End PBXProject section */

/* Begin PBXResourcesBuildPhase section */
		088C99D52DE170A500272BAF /* Resources */ = {
			isa = PBXResourcesBuildPhase;
			buildActionMask = 2147483647;
			files = (
				088C99E72DE170AA00272BAF /* LaunchScreen.storyboard in Resources */,
				088C99E42DE170AA00272BAF /* Assets.xcassets in Resources */,
			);
			runOnlyForDeploymentPostprocessing = 0;
		};
/* End PBXResourcesBuildPhase section */

/* Begin PBXSourcesBuildPhase section */
		088C99D32DE170A500272BAF /* Sources */ = {
			isa = PBXSourcesBuildPhase;
			buildActionMask = 2147483647;
			files = (
				08B487E42DE604BE00D93F8A /* HourlyWeatherView.swift in Sources */,
				0889ECA92DE23C57008FC399 /* UIViewExtension.swift in Sources */,
				088C99DF2DE170A500272BAF /* RootViewController.swift in Sources */,
				0889ECA72DE22839008FC399 /* WeatherDayModel.swift in Sources */,
				0889ECA52DE1A380008FC399 /* WeatherApi.swift in Sources */,
				0817357B2DE6CE1600603ED0 /* ImageLoader.swift in Sources */,
				081735772DE611CB00603ED0 /* HourView.swift in Sources */,
				0889ECAC2DE23DC3008FC399 /* CurrentWeatherView.swift in Sources */,
				087D83E92DE190770093CDFD /* GeoLocator.swift in Sources */,
				081735792DE6147A00603ED0 /* WeatherHourModel.swift in Sources */,
				088C99DB2DE170A500272BAF /* AppDelegate.swift in Sources */,
			);
			runOnlyForDeploymentPostprocessing = 0;
		};
/* End PBXSourcesBuildPhase section */

/* Begin PBXVariantGroup section */
		088C99E52DE170AA00272BAF /* LaunchScreen.storyboard */ = {
			isa = PBXVariantGroup;
			children = (
				088C99E62DE170AA00272BAF /* Base */,
			);
			name = LaunchScreen.storyboard;
			sourceTree = "<group>";
		};
/* End PBXVariantGroup section */

/* Begin XCBuildConfiguration section */
		088C99E92DE170AA00272BAF /* Debug */ = {
			isa = XCBuildConfiguration;
			buildSettings = {
				ALWAYS_SEARCH_USER_PATHS = NO;
				CLANG_ANALYZER_NONNULL = YES;
				CLANG_ANALYZER_NUMBER_OBJECT_CONVERSION = YES_AGGRESSIVE;
				CLANG_CXX_LANGUAGE_STANDARD = "gnu++17";
				CLANG_CXX_LIBRARY = "libc++";
				CLANG_ENABLE_MODULES = YES;
				CLANG_ENABLE_OBJC_ARC = YES;
				CLANG_ENABLE_OBJC_WEAK = YES;
				CLANG_WARN_BLOCK_CAPTURE_AUTORELEASING = YES;
				CLANG_WARN_BOOL_CONVERSION = YES;
				CLANG_WARN_COMMA = YES;
				CLANG_WARN_CONSTANT_CONVERSION = YES;
				CLANG_WARN_DEPRECATED_OBJC_IMPLEMENTATIONS = YES;
				CLANG_WARN_DIRECT_OBJC_ISA_USAGE = YES_ERROR;
				CLANG_WARN_DOCUMENTATION_COMMENTS = YES;
				CLANG_WARN_EMPTY_BODY = YES;
				CLANG_WARN_ENUM_CONVERSION = YES;
				CLANG_WARN_INFINITE_RECURSION = YES;
				CLANG_WARN_INT_CONVERSION = YES;
				CLANG_WARN_NON_LITERAL_NULL_CONVERSION = YES;
				CLANG_WARN_OBJC_IMPLICIT_RETAIN_SELF = YES;
				CLANG_WARN_OBJC_LITERAL_CONVERSION = YES;
				CLANG_WARN_OBJC_ROOT_CLASS = YES_ERROR;
				CLANG_WARN_QUOTED_INCLUDE_IN_FRAMEWORK_HEADER = YES;
				CLANG_WARN_RANGE_LOOP_ANALYSIS = YES;
				CLANG_WARN_STRICT_PROTOTYPES = YES;
				CLANG_WARN_SUSPICIOUS_MOVE = YES;
				CLANG_WARN_UNGUARDED_AVAILABILITY = YES_AGGRESSIVE;
				CLANG_WARN_UNREACHABLE_CODE = YES;
				CLANG_WARN__DUPLICATE_METHOD_MATCH = YES;
				COPY_PHASE_STRIP = NO;
				DEBUG_INFORMATION_FORMAT = dwarf;
				ENABLE_STRICT_OBJC_MSGSEND = YES;
				ENABLE_TESTABILITY = YES;
				GCC_C_LANGUAGE_STANDARD = gnu11;
				GCC_DYNAMIC_NO_PIC = NO;
				GCC_NO_COMMON_BLOCKS = YES;
				GCC_OPTIMIZATION_LEVEL = 0;
				GCC_PREPROCESSOR_DEFINITIONS = (
					"DEBUG=1",
					"$(inherited)",
				);
				GCC_WARN_64_TO_32_BIT_CONVERSION = YES;
				GCC_WARN_ABOUT_RETURN_TYPE = YES_ERROR;
				GCC_WARN_UNDECLARED_SELECTOR = YES;
				GCC_WARN_UNINITIALIZED_AUTOS = YES_AGGRESSIVE;
				GCC_WARN_UNUSED_FUNCTION = YES;
				GCC_WARN_UNUSED_VARIABLE = YES;
				IPHONEOS_DEPLOYMENT_TARGET = 9.3;
				MTL_ENABLE_DEBUG_INFO = INCLUDE_SOURCE;
				MTL_FAST_MATH = YES;
				ONLY_ACTIVE_ARCH = YES;
				SDKROOT = iphoneos;
				SWIFT_ACTIVE_COMPILATION_CONDITIONS = DEBUG;
				SWIFT_OPTIMIZATION_LEVEL = "-Onone";
			};
			name = Debug;
		};
		088C99EA2DE170AA00272BAF /* Release */ = {
			isa = XCBuildConfiguration;
			buildSettings = {
				ALWAYS_SEARCH_USER_PATHS = NO;
				CLANG_ANALYZER_NONNULL = YES;
				CLANG_ANALYZER_NUMBER_OBJECT_CONVERSION = YES_AGGRESSIVE;
				CLANG_CXX_LANGUAGE_STANDARD = "gnu++17";
				CLANG_CXX_LIBRARY = "libc++";
				CLANG_ENABLE_MODULES = YES;
				CLANG_ENABLE_OBJC_ARC = YES;
				CLANG_ENABLE_OBJC_WEAK = YES;
				CLANG_WARN_BLOCK_CAPTURE_AUTORELEASING = YES;
				CLANG_WARN_BOOL_CONVERSION = YES;
				CLANG_WARN_COMMA = YES;
				CLANG_WARN_CONSTANT_CONVERSION = YES;
				CLANG_WARN_DEPRECATED_OBJC_IMPLEMENTATIONS = YES;
				CLANG_WARN_DIRECT_OBJC_ISA_USAGE = YES_ERROR;
				CLANG_WARN_DOCUMENTATION_COMMENTS = YES;
				CLANG_WARN_EMPTY_BODY = YES;
				CLANG_WARN_ENUM_CONVERSION = YES;
				CLANG_WARN_INFINITE_RECURSION = YES;
				CLANG_WARN_INT_CONVERSION = YES;
				CLANG_WARN_NON_LITERAL_NULL_CONVERSION = YES;
				CLANG_WARN_OBJC_IMPLICIT_RETAIN_SELF = YES;
				CLANG_WARN_OBJC_LITERAL_CONVERSION = YES;
				CLANG_WARN_OBJC_ROOT_CLASS = YES_ERROR;
				CLANG_WARN_QUOTED_INCLUDE_IN_FRAMEWORK_HEADER = YES;
				CLANG_WARN_RANGE_LOOP_ANALYSIS = YES;
				CLANG_WARN_STRICT_PROTOTYPES = YES;
				CLANG_WARN_SUSPICIOUS_MOVE = YES;
				CLANG_WARN_UNGUARDED_AVAILABILITY = YES_AGGRESSIVE;
				CLANG_WARN_UNREACHABLE_CODE = YES;
				CLANG_WARN__DUPLICATE_METHOD_MATCH = YES;
				COPY_PHASE_STRIP = NO;
				DEBUG_INFORMATION_FORMAT = "dwarf-with-dsym";
				ENABLE_NS_ASSERTIONS = NO;
				ENABLE_STRICT_OBJC_MSGSEND = YES;
				GCC_C_LANGUAGE_STANDARD = gnu11;
				GCC_NO_COMMON_BLOCKS = YES;
				GCC_WARN_64_TO_32_BIT_CONVERSION = YES;
				GCC_WARN_ABOUT_RETURN_TYPE = YES_ERROR;
				GCC_WARN_UNDECLARED_SELECTOR = YES;
				GCC_WARN_UNINITIALIZED_AUTOS = YES_AGGRESSIVE;
				GCC_WARN_UNUSED_FUNCTION = YES;
				GCC_WARN_UNUSED_VARIABLE = YES;
				IPHONEOS_DEPLOYMENT_TARGET = 9.3;
				MTL_ENABLE_DEBUG_INFO = NO;
				MTL_FAST_MATH = YES;
				SDKROOT = iphoneos;
				SWIFT_COMPILATION_MODE = wholemodule;
				SWIFT_OPTIMIZATION_LEVEL = "-O";
				VALIDATE_PRODUCT = YES;
			};
			name = Release;
		};
		088C99EC2DE170AA00272BAF /* Debug */ = {
			isa = XCBuildConfiguration;
			buildSettings = {
				ASSETCATALOG_COMPILER_APPICON_NAME = AppIcon;
				ASSETCATALOG_COMPILER_GLOBAL_ACCENT_COLOR_NAME = AccentColor;
				CODE_SIGN_STYLE = Automatic;
				CURRENT_PROJECT_VERSION = 1;
				DEVELOPMENT_TEAM = M5P9F3VZ7T;
				GENERATE_INFOPLIST_FILE = YES;
				INFOPLIST_FILE = WeatherApp/Info.plist;
				INFOPLIST_KEY_NSLocationWhenInUseUsageDescription = "geo location for weather";
				INFOPLIST_KEY_UIApplicationSupportsIndirectInputEvents = YES;
				INFOPLIST_KEY_UILaunchStoryboardName = LaunchScreen;
				INFOPLIST_KEY_UISupportedInterfaceOrientations = UIInterfaceOrientationPortrait;
				INFOPLIST_KEY_UISupportedInterfaceOrientations_iPad = UIInterfaceOrientationPortrait;
				INFOPLIST_KEY_UISupportedInterfaceOrientations_iPhone = UIInterfaceOrientationPortrait;
				IPHONEOS_DEPLOYMENT_TARGET = 9.3;
				LD_RUNPATH_SEARCH_PATHS = (
					"$(inherited)",
					"@executable_path/Frameworks",
				);
				MARKETING_VERSION = 0.1;
				PRODUCT_BUNDLE_IDENTIFIER = void.WeatherApp;
				PRODUCT_NAME = "$(TARGET_NAME)";
				SWIFT_EMIT_LOC_STRINGS = YES;
				SWIFT_VERSION = 5.0;
				TARGETED_DEVICE_FAMILY = 1;
			};
			name = Debug;
		};
		088C99ED2DE170AA00272BAF /* Release */ = {
			isa = XCBuildConfiguration;
			buildSettings = {
				ASSETCATALOG_COMPILER_APPICON_NAME = AppIcon;
				ASSETCATALOG_COMPILER_GLOBAL_ACCENT_COLOR_NAME = AccentColor;
				CODE_SIGN_STYLE = Automatic;
				CURRENT_PROJECT_VERSION = 1;
				DEVELOPMENT_TEAM = M5P9F3VZ7T;
				GENERATE_INFOPLIST_FILE = YES;
				INFOPLIST_FILE = WeatherApp/Info.plist;
				INFOPLIST_KEY_NSLocationWhenInUseUsageDescription = "geo location for weather";
				INFOPLIST_KEY_UIApplicationSupportsIndirectInputEvents = YES;
				INFOPLIST_KEY_UILaunchStoryboardName = LaunchScreen;
				INFOPLIST_KEY_UISupportedInterfaceOrientations = UIInterfaceOrientationPortrait;
				INFOPLIST_KEY_UISupportedInterfaceOrientations_iPad = UIInterfaceOrientationPortrait;
				INFOPLIST_KEY_UISupportedInterfaceOrientations_iPhone = UIInterfaceOrientationPortrait;
				IPHONEOS_DEPLOYMENT_TARGET = 9.3;
				LD_RUNPATH_SEARCH_PATHS = (
					"$(inherited)",
					"@executable_path/Frameworks",
				);
				MARKETING_VERSION = 0.1;
				PRODUCT_BUNDLE_IDENTIFIER = void.WeatherApp;
				PRODUCT_NAME = "$(TARGET_NAME)";
				SWIFT_EMIT_LOC_STRINGS = YES;
				SWIFT_VERSION = 5.0;
				TARGETED_DEVICE_FAMILY = 1;
			};
			name = Release;
		};
/* End XCBuildConfiguration section */

/* Begin XCConfigurationList section */
		088C99D22DE170A500272BAF /* Build configuration list for PBXProject "WeatherApp" */ = {
			isa = XCConfigurationList;
			buildConfigurations = (
				088C99E92DE170AA00272BAF /* Debug */,
				088C99EA2DE170AA00272BAF /* Release */,
			);
			defaultConfigurationIsVisible = 0;
			defaultConfigurationName = Release;
		};
		088C99EB2DE170AA00272BAF /* Build configuration list for PBXNativeTarget "WeatherApp" */ = {
			isa = XCConfigurationList;
			buildConfigurations = (
				088C99EC2DE170AA00272BAF /* Debug */,
				088C99ED2DE170AA00272BAF /* Release */,
			);
			defaultConfigurationIsVisible = 0;
			defaultConfigurationName = Release;
		};
/* End XCConfigurationList section */
	};
	rootObject = 088C99CF2DE170A500272BAF /* Project object */;
}
